// !$*UTF8*$!
{
	archiveVersion = 1;
	classes = {
	};
	objectVersion = 77;
	objects = {

/* Begin PBXBuildFile section */
		A10000022F78C75F00DFDE68 /* libffmpeg.xcframework in Frameworks */ = {isa = PBXBuildFile; fileRef = A10000012F78C75F00DFDE68 /* libffmpeg.xcframework */; };
/* End PBXBuildFile section */

/* Begin PBXContainerItemProxy section */
		84FAD3162F78C75F00DFDE68 /* PBXContainerItemProxy */ = {
			isa = PBXContainerItemProxy;
			containerPortal = 84FAD2FE2F78C75C00DFDE68 /* Project object */;
			proxyType = 1;
			remoteGlobalIDString = 84FAD3052F78C75C00DFDE68;
			remoteInfo = player;
		};
		84FAD3202F78C75F00DFDE68 /* PBXContainerItemProxy */ = {
			isa = PBXContainerItemProxy;
			containerPortal = 84FAD2FE2F78C75C00DFDE68 /* Project object */;
			proxyType = 1;
			remoteGlobalIDString = 84FAD3052F78C75C00DFDE68;
			remoteInfo = player;
		};
/* End PBXContainerItemProxy section */

/* Begin PBXFileReference section */
		84FAD3062F78C75C00DFDE68 /* player.app */ = {isa = PBXFileReference; explicitFileType = wrapper.application; includeInIndex = 0; path = player.app; sourceTree = BUILT_PRODUCTS_DIR; };
		84FAD3152F78C75F00DFDE68 /* playerTests.xctest */ = {isa = PBXFileReference; explicitFileType = wrapper.cfbundle; includeInIndex = 0; path = playerTests.xctest; sourceTree = BUILT_PRODUCTS_DIR; };
		84FAD31F2F78C75F00DFDE68 /* playerUITests.xctest */ = {isa = PBXFileReference; explicitFileType = wrapper.cfbundle; includeInIndex = 0; path = playerUITests.xctest; sourceTree = BUILT_PRODUCTS_DIR; };
		A10000012F78C75F00DFDE68 /* libffmpeg.xcframework */ = {isa = PBXFileReference; lastKnownFileType = wrapper.xcframework; name = libffmpeg.xcframework; path = ../output/libffmpeg.xcframework; sourceTree = "<group>"; };
/* End PBXFileReference section */

/* Begin PBXFileSystemSynchronizedBuildFileExceptionSet section */
		841F940B2F78EFE500FBA227 /* Exceptions for "player" folder in "player" target */ = {
			isa = PBXFileSystemSynchronizedBuildFileExceptionSet;
			membershipExceptions = (
				Info.plist,
			);
			target = 84FAD3052F78C75C00DFDE68 /* player */;
		};
/* End PBXFileSystemSynchronizedBuildFileExceptionSet section */

/* Begin PBXFileSystemSynchronizedRootGroup section */
		84FAD3082F78C75C00DFDE68 /* player */ = {
			isa = PBXFileSystemSynchronizedRootGroup;
			exceptions = (
				841F940B2F78EFE500FBA227 /* Exceptions for "player" folder in "player" target */,
			);
			path = player;
			sourceTree = "<group>";
		};
		84FAD3182F78C75F00DFDE68 /* playerTests */ = {
			isa = PBXFileSystemSynchronizedRootGroup;
			path = playerTests;
			sourceTree = "<group>";
		};
		84FAD3222F78C75F00DFDE68 /* playerUITests */ = {
			isa = PBXFileSystemSynchronizedRootGroup;
			path = playerUITests;
			sourceTree = "<group>";
		};
/* End PBXFileSystemSynchronizedRootGroup section */

/* Begin PBXFrameworksBuildPhase section */
		84FAD3032F78C75C00DFDE68 /* Frameworks */ = {
			isa = PBXFrameworksBuildPhase;
			buildActionMask = 2147483647;
			files = (
				A10000022F78C75F00DFDE68 /* libffmpeg.xcframework in Frameworks */,
			);
			runOnlyForDeploymentPostprocessing = 0;
		};
		84FAD3122F78C75F00DFDE68 /* Frameworks */ = {
			isa = PBXFrameworksBuildPhase;
			buildActionMask = 2147483647;
			files = (
			);
			runOnlyForDeploymentPostprocessing = 0;
		};
		84FAD31C2F78C75F00DFDE68 /* Frameworks */ = {
			isa = PBXFrameworksBuildPhase;
			buildActionMask = 2147483647;
			files = (
			);
			runOnlyForDeploymentPostprocessing = 0;
		};
/* End PBXFrameworksBuildPhase section */

/* Begin PBXGroup section */
		84FAD2FD2F78C75C00DFDE68 = {
			isa = PBXGroup;
			children = (
				A10000012F78C75F00DFDE68 /* libffmpeg.xcframework */,
				84FAD3082F78C75C00DFDE68 /* player */,
				84FAD3182F78C75F00DFDE68 /* playerTests */,
				84FAD3222F78C75F00DFDE68 /* playerUITests */,
				84FAD3072F78C75C00DFDE68 /* Products */,
			);
			sourceTree = "<group>";
		};
		84FAD3072F78C75C00DFDE68 /* Products */ = {
			isa = PBXGroup;
			children = (
				84FAD3062F78C75C00DFDE68 /* player.app */,
				84FAD3152F78C75F00DFDE68 /* playerTests.xctest */,
				84FAD31F2F78C75F00DFDE68 /* playerUITests.xctest */,
			);
			name = Products;
			sourceTree = "<group>";
		};
/* End PBXGroup section */

/* Begin PBXNativeTarget section */
		84FAD3052F78C75C00DFDE68 /* player */ = {
			isa = PBXNativeTarget;
			buildConfigurationList = 84FAD3292F78C75F00DFDE68 /* Build configuration list for PBXNativeTarget "player" */;
			buildPhases = (
				84FAD3022F78C75C00DFDE68 /* Sources */,
				84FAD3032F78C75C00DFDE68 /* Frameworks */,
				84FAD3042F78C75C00DFDE68 /* Resources */,
			);
			buildRules = (
			);
			dependencies = (
			);
			fileSystemSynchronizedGroups = (
				84FAD3082F78C75C00DFDE68 /* player */,
			);
			name = player;
			packageProductDependencies = (
			);
			productName = player;
			productReference = 84FAD3062F78C75C00DFDE68 /* player.app */;
			productType = "com.apple.product-type.application";
		};
		84FAD3142F78C75F00DFDE68 /* playerTests */ = {
			isa = PBXNativeTarget;
			buildConfigurationList = 84FAD32C2F78C75F00DFDE68 /* Build configuration list for PBXNativeTarget "playerTests" */;
			buildPhases = (
				84FAD3112F78C75F00DFDE68 /* Sources */,
				84FAD3122F78C75F00DFDE68 /* Frameworks */,
				84FAD3132F78C75F00DFDE68 /* Resources */,
			);
			buildRules = (
			);
			dependencies = (
				84FAD3172F78C75F00DFDE68 /* PBXTargetDependency */,
			);
			fileSystemSynchronizedGroups = (
				84FAD3182F78C75F00DFDE68 /* playerTests */,
			);
			name = playerTests;
			packageProductDependencies = (
			);
			productName = playerTests;
			productReference = 84FAD3152F78C75F00DFDE68 /* playerTests.xctest */;
			productType = "com.apple.product-type.bundle.unit-test";
		};
		84FAD31E2F78C75F00DFDE68 /* playerUITests */ = {
			isa = PBXNativeTarget;
			buildConfigurationList = 84FAD32F2F78C75F00DFDE68 /* Build configuration list for PBXNativeTarget "playerUITests" */;
			buildPhases = (
				84FAD31B2F78C75F00DFDE68 /* Sources */,
				84FAD31C2F78C75F00DFDE68 /* Frameworks */,
				84FAD31D2F78C75F00DFDE68 /* Resources */,
			);
			buildRules = (
			);
			dependencies = (
				84FAD3212F78C75F00DFDE68 /* PBXTargetDependency */,
			);
			fileSystemSynchronizedGroups = (
				84FAD3222F78C75F00DFDE68 /* playerUITests */,
			);
			name = playerUITests;
			packageProductDependencies = (
			);
			productName = playerUITests;
			productReference = 84FAD31F2F78C75F00DFDE68 /* playerUITests.xctest */;
			productType = "com.apple.product-type.bundle.ui-testing";
		};
/* End PBXNativeTarget section */

/* Begin PBXProject section */
		84FAD2FE2F78C75C00DFDE68 /* Project object */ = {
			isa = PBXProject;
			attributes = {
				BuildIndependentTargetsInParallel = 1;
				LastSwiftUpdateCheck = 2620;
				LastUpgradeCheck = 2620;
				TargetAttributes = {
					84FAD3052F78C75C00DFDE68 = {
						CreatedOnToolsVersion = 26.2;
					};
					84FAD3142F78C75F00DFDE68 = {
						CreatedOnToolsVersion = 26.2;
						TestTargetID = 84FAD3052F78C75C00DFDE68;
					};
					84FAD31E2F78C75F00DFDE68 = {
						CreatedOnToolsVersion = 26.2;
						TestTargetID = 84FAD3052F78C75C00DFDE68;
					};
				};
			};
			buildConfigurationList = 84FAD3012F78C75C00DFDE68 /* Build configuration list for PBXProject "player" */;
			developmentRegion = en;
			hasScannedForEncodings = 0;
			knownRegions = (
				en,
				Base,
			);
			mainGroup = 84FAD2FD2F78C75C00DFDE68;
			minimizedProjectReferenceProxies = 1;
			preferredProjectObjectVersion = 77;
			productRefGroup = 84FAD3072F78C75C00DFDE68 /* Products */;
			projectDirPath = "";
			projectRoot = "";
			targets = (
				84FAD3052F78C75C00DFDE68 /* player */,
				84FAD3142F78C75F00DFDE68 /* playerTests */,
				84FAD31E2F78C75F00DFDE68 /* playerUITests */,
			);
		};
/* End PBXProject section */

/* Begin PBXResourcesBuildPhase section */
		84FAD3042F78C75C00DFDE68 /* Resources */ = {
			isa = PBXResourcesBuildPhase;
			buildActionMask = 2147483647;
			files = (
			);
			runOnlyForDeploymentPostprocessing = 0;
		};
		84FAD3132F78C75F00DFDE68 /* Resources */ = {
			isa = PBXResourcesBuildPhase;
			buildActionMask = 2147483647;
			files = (
			);
			runOnlyForDeploymentPostprocessing = 0;
		};
		84FAD31D2F78C75F00DFDE68 /* Resources */ = {
			isa = PBXResourcesBuildPhase;
			buildActionMask = 2147483647;
			files = (
			);
			runOnlyForDeploymentPostprocessing = 0;
		};
/* End PBXResourcesBuildPhase section */

/* Begin PBXSourcesBuildPhase section */
		84FAD3022F78C75C00DFDE68 /* Sources */ = {
			isa = PBXSourcesBuildPhase;
			buildActionMask = 2147483647;
			files = (
			);
			runOnlyForDeploymentPostprocessing = 0;
		};
		84FAD3112F78C75F00DFDE68 /* Sources */ = {
			isa = PBXSourcesBuildPhase;
			buildActionMask = 2147483647;
			files = (
			);
			runOnlyForDeploymentPostprocessing = 0;
		};
		84FAD31B2F78C75F00DFDE68 /* Sources */ = {
			isa = PBXSourcesBuildPhase;
			buildActionMask = 2147483647;
			files = (
			);
			runOnlyForDeploymentPostprocessing = 0;
		};
/* End PBXSourcesBuildPhase section */

/* Begin PBXTargetDependency section */
		84FAD3172F78C75F00DFDE68 /* PBXTargetDependency */ = {
			isa = PBXTargetDependency;
			target = 84FAD3052F78C75C00DFDE68 /* player */;
			targetProxy = 84FAD3162F78C75F00DFDE68 /* PBXContainerItemProxy */;
		};
		84FAD3212F78C75F00DFDE68 /* PBXTargetDependency */ = {
			isa = PBXTargetDependency;
			target = 84FAD3052F78C75C00DFDE68 /* player */;
			targetProxy = 84FAD3202F78C75F00DFDE68 /* PBXContainerItemProxy */;
		};
/* End PBXTargetDependency section */

/* Begin XCBuildConfiguration section */
		84FAD3272F78C75F00DFDE68 /* Debug */ = {
			isa = XCBuildConfiguration;
			buildSettings = {
				ALWAYS_SEARCH_USER_PATHS = NO;
				ASSETCATALOG_COMPILER_GENERATE_SWIFT_ASSET_SYMBOL_EXTENSIONS = YES;
				CLANG_ANALYZER_NONNULL = YES;
				CLANG_ANALYZER_NUMBER_OBJECT_CONVERSION = YES_AGGRESSIVE;
				CLANG_CXX_LANGUAGE_STANDARD = "gnu++20";
				CLANG_ENABLE_MODULES = YES;
				CLANG_ENABLE_OBJC_ARC = YES;
				CLANG_ENABLE_OBJC_WEAK = YES;
				CLANG_WARN_BLOCK_CAPTURE_AUTORELEASING = YES;
				CLANG_WARN_BOOL_CONVERSION = YES;
				CLANG_WARN_COMMA = YES;
				CLANG_WARN_CONSTANT_CONVERSION = YES;
				CLANG_WARN_DEPRECATED_OBJC_IMPLEMENTATIONS = YES;
				CLANG_WARN_DIRECT_OBJC_ISA_USAGE = YES_ERROR;
				CLANG_WARN_DOCUMENTATION_COMMENTS = YES;
				CLANG_WARN_EMPTY_BODY = YES;
				CLANG_WARN_ENUM_CONVERSION = YES;
				CLANG_WARN_INFINITE_RECURSION = YES;
				CLANG_WARN_INT_CONVERSION = YES;
				CLANG_WARN_NON_LITERAL_NULL_CONVERSION = YES;
				CLANG_WARN_OBJC_IMPLICIT_RETAIN_SELF = YES;
				CLANG_WARN_OBJC_LITERAL_CONVERSION = YES;
				CLANG_WARN_OBJC_ROOT_CLASS = YES_ERROR;
				CLANG_WARN_QUOTED_INCLUDE_IN_FRAMEWORK_HEADER = YES;
				CLANG_WARN_RANGE_LOOP_ANALYSIS = YES;
				CLANG_WARN_STRICT_PROTOTYPES = YES;
				CLANG_WARN_SUSPICIOUS_MOVE = YES;
				CLANG_WARN_UNGUARDED_AVAILABILITY = YES_AGGRESSIVE;
				CLANG_WARN_UNREACHABLE_CODE = YES;
				CLANG_WARN__DUPLICATE_METHOD_MATCH = YES;
				COPY_PHASE_STRIP = NO;
				DEBUG_INFORMATION_FORMAT = dwarf;
				DEVELOPMENT_TEAM = TH8K3C2BDD;
				ENABLE_STRICT_OBJC_MSGSEND = YES;
				ENABLE_TESTABILITY = YES;
				ENABLE_USER_SCRIPT_SANDBOXING = YES;
				GCC_C_LANGUAGE_STANDARD = gnu17;
				GCC_DYNAMIC_NO_PIC = NO;
				GCC_NO_COMMON_BLOCKS = YES;
				GCC_OPTIMIZATION_LEVEL = 0;
				GCC_PREPROCESSOR_DEFINITIONS = (
					"DEBUG=1",
					"$(inherited)",
				);
				GCC_WARN_64_TO_32_BIT_CONVERSION = YES;
				GCC_WARN_ABOUT_RETURN_TYPE = YES_ERROR;
				GCC_WARN_UNDECLARED_SELECTOR = YES;
				GCC_WARN_UNINITIALIZED_AUTOS = YES_AGGRESSIVE;
				GCC_WARN_UNUSED_FUNCTION = YES;
				GCC_WARN_UNUSED_VARIABLE = YES;
				LOCALIZATION_PREFERS_STRING_CATALOGS = YES;
				MTL_ENABLE_DEBUG_INFO = INCLUDE_SOURCE;
				MTL_FAST_MATH = YES;
				ONLY_ACTIVE_ARCH = YES;
				SWIFT_ACTIVE_COMPILATION_CONDITIONS = "DEBUG $(inherited)";
				SWIFT_OPTIMIZATION_LEVEL = "-Onone";
			};
			name = Debug;
		};
		84FAD3282F78C75F00DFDE68 /* Release */ = {
			isa = XCBuildConfiguration;
			buildSettings = {
				ALWAYS_SEARCH_USER_PATHS = NO;
				ASSETCATALOG_COMPILER_GENERATE_SWIFT_ASSET_SYMBOL_EXTENSIONS = YES;
				CLANG_ANALYZER_NONNULL = YES;
				CLANG_ANALYZER_NUMBER_OBJECT_CONVERSION = YES_AGGRESSIVE;
				CLANG_CXX_LANGUAGE_STANDARD = "gnu++20";
				CLANG_ENABLE_MODULES = YES;
				CLANG_ENABLE_OBJC_ARC = YES;
				CLANG_ENABLE_OBJC_WEAK = YES;
				CLANG_WARN_BLOCK_CAPTURE_AUTORELEASING = YES;
				CLANG_WARN_BOOL_CONVERSION = YES;
				CLANG_WARN_COMMA = YES;
				CLANG_WARN_CONSTANT_CONVERSION = YES;
				CLANG_WARN_DEPRECATED_OBJC_IMPLEMENTATIONS = YES;
				CLANG_WARN_DIRECT_OBJC_ISA_USAGE = YES_ERROR;
				CLANG_WARN_DOCUMENTATION_COMMENTS = YES;
				CLANG_WARN_EMPTY_BODY = YES;
				CLANG_WARN_ENUM_CONVERSION = YES;
				CLANG_WARN_INFINITE_RECURSION = YES;
				CLANG_WARN_INT_CONVERSION = YES;
				CLANG_WARN_NON_LITERAL_NULL_CONVERSION = YES;
				CLANG_WARN_OBJC_IMPLICIT_RETAIN_SELF = YES;
				CLANG_WARN_OBJC_LITERAL_CONVERSION = YES;
				CLANG_WARN_OBJC_ROOT_CLASS = YES_ERROR;
				CLANG_WARN_QUOTED_INCLUDE_IN_FRAMEWORK_HEADER = YES;
				CLANG_WARN_RANGE_LOOP_ANALYSIS = YES;
				CLANG_WARN_STRICT_PROTOTYPES = YES;
				CLANG_WARN_SUSPICIOUS_MOVE = YES;
				CLANG_WARN_UNGUARDED_AVAILABILITY = YES_AGGRESSIVE;
				CLANG_WARN_UNREACHABLE_CODE = YES;
				CLANG_WARN__DUPLICATE_METHOD_MATCH = YES;
				COPY_PHASE_STRIP = NO;
				DEBUG_INFORMATION_FORMAT = "dwarf-with-dsym";
				DEVELOPMENT_TEAM = TH8K3C2BDD;
				ENABLE_NS_ASSERTIONS = NO;
				ENABLE_STRICT_OBJC_MSGSEND = YES;
				ENABLE_USER_SCRIPT_SANDBOXING = YES;
				GCC_C_LANGUAGE_STANDARD = gnu17;
				GCC_NO_COMMON_BLOCKS = YES;
				GCC_WARN_64_TO_32_BIT_CONVERSION = YES;
				GCC_WARN_ABOUT_RETURN_TYPE = YES_ERROR;
				GCC_WARN_UNDECLARED_SELECTOR = YES;
				GCC_WARN_UNINITIALIZED_AUTOS = YES_AGGRESSIVE;
				GCC_WARN_UNUSED_FUNCTION = YES;
				GCC_WARN_UNUSED_VARIABLE = YES;
				LOCALIZATION_PREFERS_STRING_CATALOGS = YES;
				MTL_ENABLE_DEBUG_INFO = NO;
				MTL_FAST_MATH = YES;
				SWIFT_COMPILATION_MODE = wholemodule;
			};
			name = Release;
		};
		84FAD32A2F78C75F00DFDE68 /* Debug */ = {
			isa = XCBuildConfiguration;
			buildSettings = {
				ASSETCATALOG_COMPILER_APPICON_NAME = AppIcon;
				ASSETCATALOG_COMPILER_GLOBAL_ACCENT_COLOR_NAME = AccentColor;
				CODE_SIGN_STYLE = Automatic;
				CURRENT_PROJECT_VERSION = 1;
				DEVELOPMENT_TEAM = TH8K3C2BDD;
				ENABLE_APP_SANDBOX = YES;
				ENABLE_HARDENED_RUNTIME = YES;
				ENABLE_PREVIEWS = YES;
				ENABLE_USER_SELECTED_FILES = readonly;
				FRAMEWORK_SEARCH_PATHS = (
					"$(inherited)",
					"\"$(PROJECT_DIR)/../output\"",
				);
				GENERATE_INFOPLIST_FILE = YES;
				HEADER_SEARCH_PATHS = (
					"$(inherited)",
					"\"$(PROJECT_DIR)/../output/ffmpeg-headers\"",
					"\"$(PROJECT_DIR)/player/FFmpegBridge\"",
				);
				INFOPLIST_FILE = player/Info.plist;
				INFOPLIST_KEY_LSApplicationCategoryType = "public.app-category.entertainment";
				INFOPLIST_KEY_NSAppTransportSecurity_NSAllowsArbitraryLoads = YES;
				"INFOPLIST_KEY_UIApplicationSceneManifest_Generation[sdk=iphoneos*]" = YES;
				"INFOPLIST_KEY_UIApplicationSceneManifest_Generation[sdk=iphonesimulator*]" = YES;
				"INFOPLIST_KEY_UIApplicationSupportsIndirectInputEvents[sdk=iphoneos*]" = YES;
				"INFOPLIST_KEY_UIApplicationSupportsIndirectInputEvents[sdk=iphonesimulator*]" = YES;
				"INFOPLIST_KEY_UILaunchScreen_Generation[sdk=iphoneos*]" = YES;
				"INFOPLIST_KEY_UILaunchScreen_Generation[sdk=iphonesimulator*]" = YES;
				"INFOPLIST_KEY_UIStatusBarStyle[sdk=iphoneos*]" = UIStatusBarStyleDefault;
				"INFOPLIST_KEY_UIStatusBarStyle[sdk=iphonesimulator*]" = UIStatusBarStyleDefault;
				INFOPLIST_KEY_UISupportedInterfaceOrientations_iPad = "UIInterfaceOrientationPortrait UIInterfaceOrientationPortraitUpsideDown UIInterfaceOrientationLandscapeLeft UIInterfaceOrientationLandscapeRight";
				INFOPLIST_KEY_UISupportedInterfaceOrientations_iPhone = "UIInterfaceOrientationPortrait UIInterfaceOrientationLandscapeLeft UIInterfaceOrientationLandscapeRight";
				IPHONEOS_DEPLOYMENT_TARGET = 18.6;
				LD_RUNPATH_SEARCH_PATHS = "@executable_path/Frameworks";
				"LD_RUNPATH_SEARCH_PATHS[sdk=macosx*]" = "@executable_path/../Frameworks";
				MACOSX_DEPLOYMENT_TARGET = 26.1;
				MARKETING_VERSION = 1.0;
				OTHER_LDFLAGS = (
					"$(inherited)",
					"-lz",
					"-lbz2",
					"-liconv",
					"-ObjC",
					"-framework",
					AudioToolbox,
					"-framework",
					CoreMedia,
					"-framework",
					CoreVideo,
					"-framework",
					CoreFoundation,
					"-framework",
					VideoToolbox,
					"-framework",
					QuartzCore,
				);
				PRODUCT_BUNDLE_IDENTIFIER = com.nvv.player;
				PRODUCT_NAME = "$(TARGET_NAME)";
				REGISTER_APP_GROUPS = YES;
				SDKROOT = auto;
				STRING_CATALOG_GENERATE_SYMBOLS = YES;
				SUPPORTED_PLATFORMS = "appletvos appletvsimulator iphoneos iphonesimulator";
				SUPPORTS_MACCATALYST = NO;
				SWIFT_APPROACHABLE_CONCURRENCY = YES;
				SWIFT_DEFAULT_ACTOR_ISOLATION = MainActor;
				SWIFT_EMIT_LOC_STRINGS = YES;
				SWIFT_OBJC_BRIDGING_HEADER = "player/FFmpegBridge/player-Bridging-Header.h";
				SWIFT_UPCOMING_FEATURE_MEMBER_IMPORT_VISIBILITY = YES;
				SWIFT_VERSION = 5.0;
				TARGETED_DEVICE_FAMILY = "1,2,3";
				XROS_DEPLOYMENT_TARGET = 26.2;
			};
			name = Debug;
		};
		84FAD32B2F78C75F00DFDE68 /* Release */ = {
			isa = XCBuildConfiguration;
			buildSettings = {
				ASSETCATALOG_COMPILER_APPICON_NAME = AppIcon;
				ASSETCATALOG_COMPILER_GLOBAL_ACCENT_COLOR_NAME = AccentColor;
				CODE_SIGN_STYLE = Automatic;
				CURRENT_PROJECT_VERSION = 1;
				DEVELOPMENT_TEAM = TH8K3C2BDD;
				ENABLE_APP_SANDBOX = YES;
				ENABLE_HARDENED_RUNTIME = YES;
				ENABLE_PREVIEWS = YES;
				ENABLE_USER_SELECTED_FILES = readonly;
				FRAMEWORK_SEARCH_PATHS = (
					"$(inherited)",
					"\"$(PROJECT_DIR)/../output\"",
				);
				GENERATE_INFOPLIST_FILE = YES;
				HEADER_SEARCH_PATHS = (
					"$(inherited)",
					"\"$(PROJECT_DIR)/../output/ffmpeg-headers\"",
					"\"$(PROJECT_DIR)/player/FFmpegBridge\"",
				);
				INFOPLIST_FILE = player/Info.plist;
				INFOPLIST_KEY_LSApplicationCategoryType = "public.app-category.entertainment";
				INFOPLIST_KEY_NSAppTransportSecurity_NSAllowsArbitraryLoads = YES;
				"INFOPLIST_KEY_UIApplicationSceneManifest_Generation[sdk=iphoneos*]" = YES;
				"INFOPLIST_KEY_UIApplicationSceneManifest_Generation[sdk=iphonesimulator*]" = YES;
				"INFOPLIST_KEY_UIApplicationSupportsIndirectInputEvents[sdk=iphoneos*]" = YES;
				"INFOPLIST_KEY_UIApplicationSupportsIndirectInputEvents[sdk=iphonesimulator*]" = YES;
				"INFOPLIST_KEY_UILaunchScreen_Generation[sdk=iphoneos*]" = YES;
				"INFOPLIST_KEY_UILaunchScreen_Generation[sdk=iphonesimulator*]" = YES;
				"INFOPLIST_KEY_UIStatusBarStyle[sdk=iphoneos*]" = UIStatusBarStyleDefault;
				"INFOPLIST_KEY_UIStatusBarStyle[sdk=iphonesimulator*]" = UIStatusBarStyleDefault;
				INFOPLIST_KEY_UISupportedInterfaceOrientations_iPad = "UIInterfaceOrientationPortrait UIInterfaceOrientationPortraitUpsideDown UIInterfaceOrientationLandscapeLeft UIInterfaceOrientationLandscapeRight";
				INFOPLIST_KEY_UISupportedInterfaceOrientations_iPhone = "UIInterfaceOrientationPortrait UIInterfaceOrientationLandscapeLeft UIInterfaceOrientationLandscapeRight";
				IPHONEOS_DEPLOYMENT_TARGET = 18.6;
				LD_RUNPATH_SEARCH_PATHS = "@executable_path/Frameworks";
				"LD_RUNPATH_SEARCH_PATHS[sdk=macosx*]" = "@executable_path/../Frameworks";
				MACOSX_DEPLOYMENT_TARGET = 26.1;
				MARKETING_VERSION = 1.0;
				OTHER_LDFLAGS = (
					"$(inherited)",
					"-lz",
					"-lbz2",
					"-liconv",
					"-ObjC",
					"-framework",
					AudioToolbox,
					"-framework",
					CoreMedia,
					"-framework",
					CoreVideo,
					"-framework",
					CoreFoundation,
					"-framework",
					VideoToolbox,
					"-framework",
					QuartzCore,
				);
				PRODUCT_BUNDLE_IDENTIFIER = com.nvv.player;
				PRODUCT_NAME = "$(TARGET_NAME)";
				REGISTER_APP_GROUPS = YES;
				SDKROOT = auto;
				STRING_CATALOG_GENERATE_SYMBOLS = YES;
				SUPPORTED_PLATFORMS = "appletvos appletvsimulator iphoneos iphonesimulator";
				SUPPORTS_MACCATALYST = NO;
				SWIFT_APPROACHABLE_CONCURRENCY = YES;
				SWIFT_DEFAULT_ACTOR_ISOLATION = MainActor;
				SWIFT_EMIT_LOC_STRINGS = YES;
				SWIFT_OBJC_BRIDGING_HEADER = "player/FFmpegBridge/player-Bridging-Header.h";
				SWIFT_UPCOMING_FEATURE_MEMBER_IMPORT_VISIBILITY = YES;
				SWIFT_VERSION = 5.0;
				TARGETED_DEVICE_FAMILY = "1,2,3";
				XROS_DEPLOYMENT_TARGET = 26.2;
			};
			name = Release;
		};
		84FAD32D2F78C75F00DFDE68 /* Debug */ = {
			isa = XCBuildConfiguration;
			buildSettings = {
				BUNDLE_LOADER = "$(TEST_HOST)";
				CODE_SIGN_STYLE = Automatic;
				CURRENT_PROJECT_VERSION = 1;
				DEVELOPMENT_TEAM = TH8K3C2BDD;
				GENERATE_INFOPLIST_FILE = YES;
				IPHONEOS_DEPLOYMENT_TARGET = 26.2;
				MACOSX_DEPLOYMENT_TARGET = 26.1;
				MARKETING_VERSION = 1.0;
				PRODUCT_BUNDLE_IDENTIFIER = com.nvv.playerTests;
				PRODUCT_NAME = "$(TARGET_NAME)";
				SDKROOT = auto;
				STRING_CATALOG_GENERATE_SYMBOLS = NO;
				SUPPORTED_PLATFORMS = "iphoneos iphonesimulator macosx xros xrsimulator";
				SWIFT_APPROACHABLE_CONCURRENCY = YES;
				SWIFT_EMIT_LOC_STRINGS = NO;
				SWIFT_UPCOMING_FEATURE_MEMBER_IMPORT_VISIBILITY = YES;
				SWIFT_VERSION = 5.0;
				TARGETED_DEVICE_FAMILY = "1,2,7";
				TEST_HOST = "$(BUILT_PRODUCTS_DIR)/player.app/$(BUNDLE_EXECUTABLE_FOLDER_PATH)/player";
				XROS_DEPLOYMENT_TARGET = 26.2;
			};
			name = Debug;
		};
		84FAD32E2F78C75F00DFDE68 /* Release */ = {
			isa = XCBuildConfiguration;
			buildSettings = {
				BUNDLE_LOADER = "$(TEST_HOST)";
				CODE_SIGN_STYLE = Automatic;
				CURRENT_PROJECT_VERSION = 1;
				DEVELOPMENT_TEAM = TH8K3C2BDD;
				GENERATE_INFOPLIST_FILE = YES;
				IPHONEOS_DEPLOYMENT_TARGET = 26.2;
				MACOSX_DEPLOYMENT_TARGET = 26.1;
				MARKETING_VERSION = 1.0;
				PRODUCT_BUNDLE_IDENTIFIER = com.nvv.playerTests;
				PRODUCT_NAME = "$(TARGET_NAME)";
				SDKROOT = auto;
				STRING_CATALOG_GENERATE_SYMBOLS = NO;
				SUPPORTED_PLATFORMS = "iphoneos iphonesimulator macosx xros xrsimulator";
				SWIFT_APPROACHABLE_CONCURRENCY = YES;
				SWIFT_EMIT_LOC_STRINGS = NO;
				SWIFT_UPCOMING_FEATURE_MEMBER_IMPORT_VISIBILITY = YES;
				SWIFT_VERSION = 5.0;
				TARGETED_DEVICE_FAMILY = "1,2,7";
				TEST_HOST = "$(BUILT_PRODUCTS_DIR)/player.app/$(BUNDLE_EXECUTABLE_FOLDER_PATH)/player";
				XROS_DEPLOYMENT_TARGET = 26.2;
			};
			name = Release;
		};
		84FAD3302F78C75F00DFDE68 /* Debug */ = {
			isa = XCBuildConfiguration;
			buildSettings = {
				CODE_SIGN_STYLE = Automatic;
				CURRENT_PROJECT_VERSION = 1;
				DEVELOPMENT_TEAM = TH8K3C2BDD;
				GENERATE_INFOPLIST_FILE = YES;
				IPHONEOS_DEPLOYMENT_TARGET = 26.2;
				MACOSX_DEPLOYMENT_TARGET = 26.1;
				MARKETING_VERSION = 1.0;
				PRODUCT_BUNDLE_IDENTIFIER = com.nvv.playerUITests;
				PRODUCT_NAME = "$(TARGET_NAME)";
				SDKROOT = auto;
				STRING_CATALOG_GENERATE_SYMBOLS = NO;
				SUPPORTED_PLATFORMS = "iphoneos iphonesimulator macosx xros xrsimulator";
				SWIFT_APPROACHABLE_CONCURRENCY = YES;
				SWIFT_EMIT_LOC_STRINGS = NO;
				SWIFT_UPCOMING_FEATURE_MEMBER_IMPORT_VISIBILITY = YES;
				SWIFT_VERSION = 5.0;
				TARGETED_DEVICE_FAMILY = "1,2,7";
				TEST_TARGET_NAME = player;
				XROS_DEPLOYMENT_TARGET = 26.2;
			};
			name = Debug;
		};
		84FAD3312F78C75F00DFDE68 /* Release */ = {
			isa = XCBuildConfiguration;
			buildSettings = {
				CODE_SIGN_STYLE = Automatic;
				CURRENT_PROJECT_VERSION = 1;
				DEVELOPMENT_TEAM = TH8K3C2BDD;
				GENERATE_INFOPLIST_FILE = YES;
				IPHONEOS_DEPLOYMENT_TARGET = 26.2;
				MACOSX_DEPLOYMENT_TARGET = 26.1;
				MARKETING_VERSION = 1.0;
				PRODUCT_BUNDLE_IDENTIFIER = com.nvv.playerUITests;
				PRODUCT_NAME = "$(TARGET_NAME)";
				SDKROOT = auto;
				STRING_CATALOG_GENERATE_SYMBOLS = NO;
				SUPPORTED_PLATFORMS = "iphoneos iphonesimulator macosx xros xrsimulator";
				SWIFT_APPROACHABLE_CONCURRENCY = YES;
				SWIFT_EMIT_LOC_STRINGS = NO;
				SWIFT_UPCOMING_FEATURE_MEMBER_IMPORT_VISIBILITY = YES;
				SWIFT_VERSION = 5.0;
				TARGETED_DEVICE_FAMILY = "1,2,7";
				TEST_TARGET_NAME = player;
				XROS_DEPLOYMENT_TARGET = 26.2;
			};
			name = Release;
		};
/* End XCBuildConfiguration section */

/* Begin XCConfigurationList section */
		84FAD3012F78C75C00DFDE68 /* Build configuration list for PBXProject "player" */ = {
			isa = XCConfigurationList;
			buildConfigurations = (
				84FAD3272F78C75F00DFDE68 /* Debug */,
				84FAD3282F78C75F00DFDE68 /* Release */,
			);
			defaultConfigurationIsVisible = 0;
			defaultConfigurationName = Release;
		};
		84FAD3292F78C75F00DFDE68 /* Build configuration list for PBXNativeTarget "player" */ = {
			isa = XCConfigurationList;
			buildConfigurations = (
				84FAD32A2F78C75F00DFDE68 /* Debug */,
				84FAD32B2F78C75F00DFDE68 /* Release */,
			);
			defaultConfigurationIsVisible = 0;
			defaultConfigurationName = Release;
		};
		84FAD32C2F78C75F00DFDE68 /* Build configuration list for PBXNativeTarget "playerTests" */ = {
			isa = XCConfigurationList;
			buildConfigurations = (
				84FAD32D2F78C75F00DFDE68 /* Debug */,
				84FAD32E2F78C75F00DFDE68 /* Release */,
			);
			defaultConfigurationIsVisible = 0;
			defaultConfigurationName = Release;
		};
		84FAD32F2F78C75F00DFDE68 /* Build configuration list for PBXNativeTarget "playerUITests" */ = {
			isa = XCConfigurationList;
			buildConfigurations = (
				84FAD3302F78C75F00DFDE68 /* Debug */,
				84FAD3312F78C75F00DFDE68 /* Release */,
			);
			defaultConfigurationIsVisible = 0;
			defaultConfigurationName = Release;
		};
/* End XCConfigurationList section */
	};
	rootObject = 84FAD2FE2F78C75C00DFDE68 /* Project object */;
}
